
Microsoft Visual Studio Solution File, Format Version 12.00
# Visual Studio Version 17
VisualStudioVersion = 17.6.33829.357
MinimumVisualStudioVersion = 10.0.40219.1
Project("{FAE04EC0-301F-11D3-BF4B-00C04F79EFBC}") = "Servidor_Pagos", "Servidor_Pagos\Servidor_Pagos.csproj", "{35392C68-2AA5-4F3D-8CE0-8328F0B81803}"
EndProject
Global
	GlobalSection(SolutionConfigurationPlatforms) = preSolution
		Debug|Any CPU = Debug|Any CPU
		Release|Any CPU = Release|Any CPU
	EndGlobalSection
	GlobalSection(ProjectConfigurationPlatforms) = postSolution
		{35392C68-2AA5-4F3D-8CE0-8328F0B81803}.Debug|Any CPU.ActiveCfg = Debug|Any CPU
		{35392C68-2AA5-4F3D-8CE0-8328F0B81803}.Debug|Any CPU.Build.0 = Debug|Any CPU
		{35392C68-2AA5-4F3D-8CE0-8328F0B81803}.Release|Any CPU.ActiveCfg = Release|Any CPU
		{35392C68-2AA5-4F3D-8CE0-8328F0B81803}.Release|Any CPU.Build.0 = Release|Any CPU
	EndGlobalSection
	GlobalSection(SolutionProperties) = preSolution
		HideSolutionNode = FALSE
	EndGlobalSection
	GlobalSection(ExtensibilityGlobals) = postSolution
		SolutionGuid = {83F2376A-7849-4C69-BA68-8B95C0B5F0B6}
	EndGlobalSection
EndGlobal
